# Generated by move; do not edit
# This file should be checked in.

[move]
version = 4

[pinned.mainnet.MoveStdlib]
source = { git = "https://github.com/MystenLabs/sui.git", subdir = "crates/sui-framework/packages/move-stdlib", rev = "06734f6ff0af45d8632a14a4dc4b100197f6b1a2" }
use_environment = "mainnet"
manifest_digest = "C4FE4C91DE74CBF223B2E380AE40F592177D21870DC2D7EB6227D2D694E05363"
deps = {}

[pinned.mainnet.Sui]
source = { git = "https://github.com/MystenLabs/sui.git", subdir = "crates/sui-framework/packages/sui-framework", rev = "06734f6ff0af45d8632a14a4dc4b100197f6b1a2" }
use_environment = "mainnet"
manifest_digest = "CD547CB1ACCE0880C835DAED2D8FFCB91D56C833AE5240D3AA5B918398263195"
deps = { MoveStdlib = "MoveStdlib" }

[pinned.mainnet.Switchboard]
source = { git = "git@github.com:switchboard-xyz/sui.git", subdir = "on_demand", rev = "028d5ce423c3ff44462ffe390c5fc606db745486" }
use_environment = "mainnet"
manifest_digest = "E41BBD67BE8940D26C79D78B028477EF5B33BA217A1282C78ACB344CF8A5ECF6"
deps = { std = "MoveStdlib", sui = "Sui" }

[pinned.mainnet.authority_cap]
source = { local = "../../../authority-cap/authority-cap" }
use_environment = "mainnet"
manifest_digest = "E41BBD67BE8940D26C79D78B028477EF5B33BA217A1282C78ACB344CF8A5ECF6"
deps = { std = "MoveStdlib", sui = "Sui" }

[pinned.mainnet.oracle_aggregator]
source = { local = "../../oracle-aggregator" }
use_environment = "mainnet"
manifest_digest = "1649E9DC99C54FE86C43D0035A2EE12B91C9EFC21E7AEF3399B0D3F6DC238F62"
deps = { authority_cap = "authority_cap", std = "MoveStdlib", sui = "Sui", vendor = "vendor" }

[pinned.mainnet.oracle_aggregator_switchboard_integration]
source = { root = true }
use_environment = "mainnet"
manifest_digest = "D764525BAEBA37BEF3FEBE374F08852CDF8D1C8F4E677EFD239411298387CCA6"
deps = { authority_cap = "authority_cap", oracle_aggregator = "oracle_aggregator", std = "MoveStdlib", sui = "Sui", switchboard = "Switchboard" }

[pinned.mainnet.vendor]
source = { local = "../../../vendor/vendor" }
use_environment = "mainnet"
manifest_digest = "5AAF88D4918BE9A469E16737C8F5D9AEE925CAA6432331DCC4D3E46A73DC72C6"
deps = { authority_cap = "authority_cap", std = "MoveStdlib", sui = "Sui" }

[pinned.testnet.MoveStdlib]
source = { git = "https://github.com/MystenLabs/sui.git", subdir = "crates/sui-framework/packages/move-stdlib", rev = "718ae563a42fb4ba0d055588f81c704dcef58c25" }
use_environment = "testnet"
manifest_digest = "C4FE4C91DE74CBF223B2E380AE40F592177D21870DC2D7EB6227D2D694E05363"
deps = {}

[pinned.testnet.Sui]
source = { git = "https://github.com/MystenLabs/sui.git", subdir = "crates/sui-framework/packages/sui-framework", rev = "718ae563a42fb4ba0d055588f81c704dcef58c25" }
use_environment = "testnet"
manifest_digest = "7AFB66695545775FBFBB2D3078ADFD084244D5002392E837FDE21D9EA1C6D01C"
deps = { MoveStdlib = "MoveStdlib" }

[pinned.testnet.Switchboard]
source = { git = "git@github.com:switchboard-xyz/sui.git", subdir = "on_demand", rev = "028d5ce423c3ff44462ffe390c5fc606db745486" }
use_environment = "testnet"
manifest_digest = "5745706258F61D6CE210904B3E6AE87A73CE9D31A6F93BE4718C442529332A87"
deps = { std = "MoveStdlib", sui = "Sui" }

[pinned.testnet.authority_cap]
source = { local = "../../../authority-cap/authority-cap" }
use_environment = "testnet"
manifest_digest = "5745706258F61D6CE210904B3E6AE87A73CE9D31A6F93BE4718C442529332A87"
deps = { std = "MoveStdlib", sui = "Sui" }

[pinned.testnet.oracle_aggregator]
source = { local = "../../oracle-aggregator" }
use_environment = "testnet"
manifest_digest = "1CB627750B3E184B53EE88A3E06B4EA7C36BD046DB22AC8D04FA0BFF3A2C215D"
deps = { authority_cap = "authority_cap", std = "MoveStdlib", sui = "Sui", vendor = "vendor" }

[pinned.testnet.oracle_aggregator_switchboard_integration]
source = { root = true }
use_environment = "testnet"
manifest_digest = "8D7EB122CF7659D012098EF1C20B12E135B6AB56D973ED756F28A96F2F20DC02"
deps = { authority_cap = "authority_cap", oracle_aggregator = "oracle_aggregator", std = "MoveStdlib", sui = "Sui", switchboard = "Switchboard" }

[pinned.testnet.vendor]
source = { local = "../../../vendor/vendor" }
use_environment = "testnet"
manifest_digest = "1E994F2D4B60FE973432B6C48C13A38F0D36C5F7AE82A6ECFF5AF2F9B3EA801E"
deps = { authority_cap = "authority_cap", std = "MoveStdlib", sui = "Sui" }
