# @generated by Move, please check-in and do not edit manually.

[move]
version = 3
manifest_digest = "60E49D0AC8F5CEA258609C336F6C152BBB6B172AEE190E17DEA515114F1B1CD3"
deps_digest = "060AD7E57DFB13104F21BE5F5C3759D03F0553FC3229247D9A7A6B45F50D03A3"
dependencies = [
  { id = "MetaVault", name = "MetaVault" },
  { id = "Pyth", name = "Pyth" },
  { id = "Sui", name = "Sui" },
]

[[move.package]]
id = "MetaVault"
source = { local = "../../meta-vault" }

dependencies = [
  { id = "Sui", name = "Sui" },
]

[[move.package]]
id = "MoveStdlib"
source = { git = "https://github.com/MystenLabs/sui.git", rev = "framework/mainnet", subdir = "crates/sui-framework/packages/move-stdlib" }

[[move.package]]
id = "Pyth"
source = { git = "git@github.com:unmaykr-aftermath/pyth-crosschain.git", rev = "sui/mainnet", subdir = "target_chains/sui/contracts" }

dependencies = [
  { id = "Sui", name = "Sui" },
  { id = "Wormhole", name = "Wormhole" },
]

[[move.package]]
id = "Sui"
source = { git = "https://github.com/MystenLabs/sui.git", rev = "framework/mainnet", subdir = "crates/sui-framework/packages/sui-framework" }

dependencies = [
  { id = "MoveStdlib", name = "MoveStdlib" },
]

[[move.package]]
id = "Wormhole"
source = { git = "https://github.com/unmaykr-aftermath/wormhole.git", rev = "sui-mainnet-5306f64e", subdir = "sui/wormhole" }

dependencies = [
  { id = "Sui", name = "Sui" },
]

[move.toolchain-version]
compiler-version = "1.39.3"
edition = "2024"
flavor = "sui"

[env]

[env.mainnet]
chain-id = "35834a8a"
original-published-id = "0x5a6df33a03a69959065b5e87aecac72d0afff893a1923833a77dcfb0d2f42980"
latest-published-id = "0x5a6df33a03a69959065b5e87aecac72d0afff893a1923833a77dcfb0d2f42980"
published-version = "1"
