# Generated by move; do not edit
# This file should be checked in.

[move]
version = 4

[pinned.mainnet.AftermathControlFlow]
source = { local = "../../control-flow/control-flow" }
use_environment = "mainnet"
manifest_digest = "E41BBD67BE8940D26C79D78B028477EF5B33BA217A1282C78ACB344CF8A5ECF6"
deps = { std = "MoveStdlib", sui = "Sui" }

[pinned.mainnet.AftermathOrderedMap]
source = { local = "../../ordered-map/ordered-map" }
use_environment = "mainnet"
manifest_digest = "E41BBD67BE8940D26C79D78B028477EF5B33BA217A1282C78ACB344CF8A5ECF6"
deps = { std = "MoveStdlib", sui = "Sui" }

[pinned.mainnet.MoveStdlib]
source = { git = "https://github.com/MystenLabs/sui.git", subdir = "crates/sui-framework/packages/move-stdlib", rev = "06734f6ff0af45d8632a14a4dc4b100197f6b1a2" }
use_environment = "mainnet"
manifest_digest = "C4FE4C91DE74CBF223B2E380AE40F592177D21870DC2D7EB6227D2D694E05363"
deps = {}

[pinned.mainnet.Sui]
source = { git = "https://github.com/MystenLabs/sui.git", subdir = "crates/sui-framework/packages/sui-framework", rev = "06734f6ff0af45d8632a14a4dc4b100197f6b1a2" }
use_environment = "mainnet"
manifest_digest = "CD547CB1ACCE0880C835DAED2D8FFCB91D56C833AE5240D3AA5B918398263195"
deps = { MoveStdlib = "MoveStdlib" }

[pinned.mainnet.authority_cap]
source = { local = "../../authority-cap/authority-cap" }
use_environment = "mainnet"
manifest_digest = "E41BBD67BE8940D26C79D78B028477EF5B33BA217A1282C78ACB344CF8A5ECF6"
deps = { std = "MoveStdlib", sui = "Sui" }

[pinned.mainnet.ifixed]
source = { local = "../../ifixed/ifixed" }
use_environment = "mainnet"
manifest_digest = "E41BBD67BE8940D26C79D78B028477EF5B33BA217A1282C78ACB344CF8A5ECF6"
deps = { std = "MoveStdlib", sui = "Sui" }

[pinned.mainnet.market_making_vault]
source = { root = true }
use_environment = "mainnet"
manifest_digest = "E3A4FB24B44A287FB36C9DA342B5058DFD9ECB13D7AB916E917F1423815BDEE3"
deps = { authority_cap = "authority_cap", ifixed = "ifixed", oracle_aggregator = "oracle_aggregator", perpetuals = "perpetuals", position = "position", std = "MoveStdlib", sui = "Sui" }

[pinned.mainnet.oracle_aggregator]
source = { local = "../../oracle-aggregator/oracle-aggregator" }
use_environment = "mainnet"
manifest_digest = "1649E9DC99C54FE86C43D0035A2EE12B91C9EFC21E7AEF3399B0D3F6DC238F62"
deps = { authority_cap = "authority_cap", std = "MoveStdlib", sui = "Sui", vendor = "vendor" }

[pinned.mainnet.perpetuals]
source = { local = "../../iperps/perpetuals" }
use_environment = "mainnet"
manifest_digest = "5B85B2C531AFA6D5B28337C8A87C3CF1ECBCD78582A7A79C14B9EDFB4013C925"
deps = { authority_cap = "authority_cap", control_flow = "AftermathControlFlow", ifixed = "ifixed", oracle_aggregator = "oracle_aggregator", ordered_map = "AftermathOrderedMap", position = "position", std = "MoveStdlib", sui = "Sui", vendor = "vendor" }

[pinned.mainnet.position]
source = { local = "../../iperps/position" }
use_environment = "mainnet"
manifest_digest = "01FEE8DFDC5A09C4846BDD936E552D87DBF24A3F7727423CCD4F5A397B1AFDCB"
deps = { control_flow = "AftermathControlFlow", ifixed = "ifixed", std = "MoveStdlib", sui = "Sui" }

[pinned.mainnet.vendor]
source = { local = "../../vendor/vendor" }
use_environment = "mainnet"
manifest_digest = "5AAF88D4918BE9A469E16737C8F5D9AEE925CAA6432331DCC4D3E46A73DC72C6"
deps = { authority_cap = "authority_cap", std = "MoveStdlib", sui = "Sui" }
