# @generated by Move, please check-in and do not edit manually.

[move]
version = 3
manifest_digest = "7EEAAC6CB93ED189FF49CE78897B9F8607ACAF8FA2C200E0094514D924388663"
deps_digest = "3C4103934B1E040BB6B23F1D610B4EF9F2F1166A50A104EADCF77467C004C600"
dependencies = [
  { id = "MetaVault", name = "MetaVault" },
  { id = "Sui", name = "Sui" },
]

[[move.package]]
id = "MetaVault"
source = { local = "../../../meta-vault" }

dependencies = [
  { id = "Sui", name = "Sui" },
]

[[move.package]]
id = "MoveStdlib"
source = { git = "https://github.com/MystenLabs/sui.git", rev = "framework/mainnet", subdir = "crates/sui-framework/packages/move-stdlib" }

[[move.package]]
id = "Sui"
source = { git = "https://github.com/MystenLabs/sui.git", rev = "framework/mainnet", subdir = "crates/sui-framework/packages/sui-framework" }

dependencies = [
  { id = "MoveStdlib", name = "MoveStdlib" },
]

[move.toolchain-version]
compiler-version = "1.39.3"
edition = "2024"
flavor = "sui"

[env]

[env.mainnet]
chain-id = "35834a8a"
original-published-id = "0x546b4c792de9744e08cb89f8f52b25cf5384db0af44f613db6d383234f009bb9"
latest-published-id = "0x546b4c792de9744e08cb89f8f52b25cf5384db0af44f613db6d383234f009bb9"
published-version = "1"
