# @generated by Move, please check-in and do not edit manually.

[move]
version = 3
manifest_digest = "6428B4EFA5F6A4AE85F1AE49DD0E9C88D68CBE7BD007717DB322C1B737A43669"
deps_digest = "F8BBB0CCB2491CA29A3DF03D6F92277A4F3574266507ACD77214D37ECA3F3082"
dependencies = [
  { id = "Sui", name = "Sui" },
]

[[move.package]]
id = "MoveStdlib"
source = { git = "https://github.com/MystenLabs/sui.git", rev = "framework/mainnet", subdir = "crates/sui-framework/packages/move-stdlib" }

[[move.package]]
id = "Sui"
source = { git = "https://github.com/MystenLabs/sui.git", rev = "framework/mainnet", subdir = "crates/sui-framework/packages/sui-framework" }

dependencies = [
  { id = "MoveStdlib", name = "MoveStdlib" },
]

[move.toolchain-version]
compiler-version = "1.39.3"
edition = "2024"
flavor = "sui"

[env]

[env.mainnet]
chain-id = "35834a8a"
original-published-id = "0x7bae0b3b7b6c3da899fe3f4af95b7110633499c02b8c6945110d799d99deaa68"
latest-published-id = "0xc53f5252e70bb34d172dfcdef243eb53678af529affbecc7d0bebedeaedb25bf"
published-version = "2"
