# @generated by Move, please check-in and do not edit manually.

[move]
version = 3
manifest_digest = "574C9C4B0CD8186977B73359F428002CACFBAE5C6C92BD36B9721167C5AE0AA2"
deps_digest = "F9B494B64F0615AED0E98FC12A85B85ECD2BC5185C22D30E7F67786BB52E507C"
dependencies = [
  { id = "AftermathLSD", name = "AftermathLSD" },
  { id = "MetaVault", name = "MetaVault" },
  { id = "MetaVaultLstExchangerateRegistry", name = "MetaVaultLstExchangerateRegistry" },
  { id = "Sui", name = "Sui" },
]

[[move.package]]
id = "AfSui"
source = { git = "git@github.com:AftermathFinance/coins.git", rev = "mainnet-lsd-v1.0.0", subdir = "afsui" }

dependencies = [
  { id = "Safe", name = "Safe" },
  { id = "Sui", name = "Sui" },
]

[[move.package]]
id = "AfSuiReferralVault"
source = { git = "git@github.com:AftermathFinance/referral-vault.git", rev = "mainnet-lsd-v1.0.0", subdir = "packages/lsd" }

dependencies = [
  { id = "Sui", name = "Sui" },
]

[[move.package]]
id = "AfSuiTreasury"
source = { git = "git@github.com:AftermathFinance/treasury.git", rev = "mainnet-v1.0.0", subdir = "packages/lsd" }

dependencies = [
  { id = "Sui", name = "Sui" },
]

[[move.package]]
id = "AftermathLSD"
source = { git = "git@github.com:AftermathFinance/liquid-staking-derivative.git", rev = "mainnet", subdir = "packages/lsd" }

dependencies = [
  { id = "AfSui", name = "AfSui" },
  { id = "AfSuiReferralVault", name = "AfSuiReferralVault" },
  { id = "AfSuiTreasury", name = "AfSuiTreasury" },
  { id = "LinkedSet", name = "LinkedSet" },
  { id = "Safe", name = "Safe" },
  { id = "Sui", name = "Sui" },
  { id = "SuiSystem", name = "SuiSystem" },
  { id = "SuiSystemUtils", name = "SuiSystemUtils" },
  { id = "utilities", name = "utilities" },
]

[[move.package]]
id = "LinkedSet"
source = { git = "git@github.com:AftermathFinance/utilities.git", rev = "mainnet-lsd-v1.0.0", subdir = "packages/data-structures/linked-set" }

dependencies = [
  { id = "Sui", name = "Sui" },
]

[[move.package]]
id = "MetaVault"
source = { local = "../../../meta-vault" }

dependencies = [
  { id = "Sui", name = "Sui" },
]

[[move.package]]
id = "MetaVaultLstExchangerateRegistry"
source = { local = "../lst-exchange-rate-registry" }

dependencies = [
  { id = "MetaVault", name = "MetaVault" },
  { id = "Sui", name = "Sui" },
]

[[move.package]]
id = "MoveStdlib"
source = { git = "https://github.com/MystenLabs/sui.git", rev = "framework/mainnet", subdir = "crates/sui-framework/packages/move-stdlib" }

[[move.package]]
id = "Safe"
source = { git = "git@github.com:AftermathFinance/safe.git", rev = "mainnet-v1.0.0", subdir = "" }

dependencies = [
  { id = "Sui", name = "Sui" },
]

[[move.package]]
id = "Sui"
source = { git = "https://github.com/MystenLabs/sui.git", rev = "framework/mainnet", subdir = "crates/sui-framework/packages/sui-framework" }

dependencies = [
  { id = "MoveStdlib", name = "MoveStdlib" },
]

[[move.package]]
id = "SuiSystem"
source = { git = "https://github.com/MystenLabs/sui.git", rev = "framework/mainnet", subdir = "crates/sui-framework/packages/sui-system" }

dependencies = [
  { id = "MoveStdlib", name = "MoveStdlib" },
  { id = "Sui", name = "Sui" },
]

[[move.package]]
id = "SuiSystemUtils"
source = { git = "git@github.com:AftermathFinance/utilities.git", rev = "fix/mainnet", subdir = "packages/sui-system-utils" }

dependencies = [
  { id = "Sui", name = "Sui" },
  { id = "SuiSystem", name = "SuiSystem" },
]

[[move.package]]
id = "utilities"
source = { git = "git@github.com:AftermathFinance/utilities.git", rev = "mainnet-lsd-v1.0.0", subdir = "packages/utils" }

dependencies = [
  { id = "Sui", name = "Sui" },
]

[move.toolchain-version]
compiler-version = "1.39.3"
edition = "2024"
flavor = "sui"

[env]

[env.mainnet]
chain-id = "35834a8a"
original-published-id = "0x36304ba033b2929f7664f20264dd4df782c19331d04207904f840064a87a7608"
latest-published-id = "0x36304ba033b2929f7664f20264dd4df782c19331d04207904f840064a87a7608"
published-version = "1"
