# @generated by Move, please check-in and do not edit manually.

[move]
version = 3
manifest_digest = "4F3AAA79C874B8B04F235840903DD1FC3A50A94FF9F3ABAC84A234A7D01DFC4C"
deps_digest = "397E6A9F7A624706DBDFEE056CE88391A15876868FD18A88504DA74EB458D697"
dependencies = [
  { id = "MetaVault", name = "MetaVault" },
  { id = "MetaVaultLstExchangerateRegistry", name = "MetaVaultLstExchangerateRegistry" },
  { id = "Sui", name = "Sui" },
  { id = "liquid_staking", name = "liquid_staking" },
  { id = "stsui", name = "stsui" },
]

[[move.package]]
id = "MetaVault"
source = { local = "../../../meta-vault" }

dependencies = [
  { id = "Sui", name = "Sui" },
]

[[move.package]]
id = "MetaVaultLstExchangerateRegistry"
source = { local = "../lst-exchange-rate-registry" }

dependencies = [
  { id = "MetaVault", name = "MetaVault" },
  { id = "Sui", name = "Sui" },
]

[[move.package]]
id = "MoveStdlib"
source = { git = "https://github.com/MystenLabs/sui.git", rev = "framework/mainnet", subdir = "crates/sui-framework/packages/move-stdlib" }

[[move.package]]
id = "Sui"
source = { git = "https://github.com/MystenLabs/sui.git", rev = "framework/mainnet", subdir = "crates/sui-framework/packages/sui-framework" }

dependencies = [
  { id = "MoveStdlib", name = "MoveStdlib" },
]

[[move.package]]
id = "SuiSystem"
source = { git = "https://github.com/MystenLabs/sui.git", rev = "framework/mainnet", subdir = "crates/sui-framework/packages/sui-system" }

dependencies = [
  { id = "MoveStdlib", name = "MoveStdlib" },
  { id = "Sui", name = "Sui" },
]

[[move.package]]
id = "liquid_staking"
source = { git = "git@github.com:AlphaFiTech/liquid-staking.git", rev = "main", subdir = "contracts" }

dependencies = [
  { id = "Sui", name = "Sui" },
  { id = "SuiSystem", name = "SuiSystem" },
]

[[move.package]]
id = "stsui"
source = { git = "git@github.com:AlphaFiTech/liquid-staking.git", rev = "main", subdir = "stsui" }

dependencies = [
  { id = "Sui", name = "Sui" },
]

[move.toolchain-version]
compiler-version = "1.39.3"
edition = "2024"
flavor = "sui"

[env]

[env.mainnet]
chain-id = "35834a8a"
original-published-id = "0x506e1ca2bff0682708d416fa0aa8e2bed98eb46c5e7a17849511e8eb0aa4f040"
latest-published-id = "0x506e1ca2bff0682708d416fa0aa8e2bed98eb46c5e7a17849511e8eb0aa4f040"
published-version = "1"
