# @generated by Move, please check-in and do not edit manually.

[move]
version = 3
manifest_digest = "47B648F5CC8AA7FAEF5F04FB3A41BF1ED78DE5EFBE4025F0EBE5E765C562072B"
deps_digest = "F9B494B64F0615AED0E98FC12A85B85ECD2BC5185C22D30E7F67786BB52E507C"
dependencies = [
  { id = "HaedalStakedSui", name = "HaedalStakedSui" },
  { id = "MetaVault", name = "MetaVault" },
  { id = "MetaVaultLstExchangerateRegistry", name = "MetaVaultLstExchangerateRegistry" },
  { id = "Sui", name = "Sui" },
]

[[move.package]]
id = "HaedalStakedSui"
source = { git = "git@github.com:AftermathFinance/move-sui-dapps.git", rev = "hasui", subdir = "hasui" }

dependencies = [
  { id = "Sui", name = "Sui" },
  { id = "SuiSystem", name = "SuiSystem" },
]

[[move.package]]
id = "MetaVault"
source = { local = "../../../meta-vault" }

dependencies = [
  { id = "Sui", name = "Sui" },
]

[[move.package]]
id = "MetaVaultLstExchangerateRegistry"
source = { local = "../lst-exchange-rate-registry" }

dependencies = [
  { id = "MetaVault", name = "MetaVault" },
  { id = "Sui", name = "Sui" },
]

[[move.package]]
id = "MoveStdlib"
source = { git = "https://github.com/MystenLabs/sui.git", rev = "framework/mainnet", subdir = "crates/sui-framework/packages/move-stdlib" }

[[move.package]]
id = "Sui"
source = { git = "https://github.com/MystenLabs/sui.git", rev = "framework/mainnet", subdir = "crates/sui-framework/packages/sui-framework" }

dependencies = [
  { id = "MoveStdlib", name = "MoveStdlib" },
]

[[move.package]]
id = "SuiSystem"
source = { git = "https://github.com/MystenLabs/sui.git", rev = "framework/mainnet", subdir = "crates/sui-framework/packages/sui-system" }

dependencies = [
  { id = "MoveStdlib", name = "MoveStdlib" },
  { id = "Sui", name = "Sui" },
]

[move.toolchain-version]
compiler-version = "1.39.3"
edition = "2024"
flavor = "sui"

[env]

[env.mainnet]
chain-id = "35834a8a"
original-published-id = "0x07375c056f15ebf6c393b9cc2dad3bb25e445ae071dc80bf4c7ec728cefe2852"
latest-published-id = "0x07375c056f15ebf6c393b9cc2dad3bb25e445ae071dc80bf4c7ec728cefe2852"
published-version = "1"
