# Generated by move; do not edit
# This file should be checked in.

[move]
version = 4

[pinned.mainnet.MoveStdlib]
source = { git = "https://github.com/MystenLabs/sui.git", subdir = "crates/sui-framework/packages/move-stdlib", rev = "06734f6ff0af45d8632a14a4dc4b100197f6b1a2" }
use_environment = "mainnet"
manifest_digest = "C4FE4C91DE74CBF223B2E380AE40F592177D21870DC2D7EB6227D2D694E05363"
deps = {}

[pinned.mainnet.Pyth]
source = { git = "git@github.com:AftermathFinance/pyth-crosschain.git", subdir = "target_chains/sui/contracts", rev = "fd55bfa0758dc68725dd05e5a313945e47cf03ae" }
use_environment = "mainnet"
manifest_digest = "2E13FF397C74207F92DD31F55C24AC64711834E41BBF90CD3C042AFA7C5C7FA9"
deps = { Wormhole = "Wormhole", std = "MoveStdlib", sui = "Sui" }

[pinned.mainnet.Sui]
source = { git = "https://github.com/MystenLabs/sui.git", subdir = "crates/sui-framework/packages/sui-framework", rev = "06734f6ff0af45d8632a14a4dc4b100197f6b1a2" }
use_environment = "mainnet"
manifest_digest = "CD547CB1ACCE0880C835DAED2D8FFCB91D56C833AE5240D3AA5B918398263195"
deps = { MoveStdlib = "MoveStdlib" }

[pinned.mainnet.Wormhole]
source = { git = "git@github.com:AftermathFinance/wormhole.git", subdir = "sui/wormhole", rev = "4d1af8882845b0a89c4b36efceaa9359054a84ed" }
use_environment = "mainnet"
manifest_digest = "E41BBD67BE8940D26C79D78B028477EF5B33BA217A1282C78ACB344CF8A5ECF6"
deps = { std = "MoveStdlib", sui = "Sui" }

[pinned.mainnet.authority_cap]
source = { local = "../../../authority-cap/authority-cap" }
use_environment = "mainnet"
manifest_digest = "E41BBD67BE8940D26C79D78B028477EF5B33BA217A1282C78ACB344CF8A5ECF6"
deps = { std = "MoveStdlib", sui = "Sui" }

[pinned.mainnet.oracle_aggregator]
source = { local = "../../oracle-aggregator" }
use_environment = "mainnet"
manifest_digest = "1649E9DC99C54FE86C43D0035A2EE12B91C9EFC21E7AEF3399B0D3F6DC238F62"
deps = { authority_cap = "authority_cap", std = "MoveStdlib", sui = "Sui", vendor = "vendor" }

[pinned.mainnet.oracle_aggregator_pyth_integration]
source = { root = true }
use_environment = "mainnet"
manifest_digest = "DA563DC8A5D420F0207E0B55866E5FA9BD4F8354F7768435C269C23E7B4D8F55"
deps = { authority_cap = "authority_cap", oracle_aggregator = "oracle_aggregator", pyth = "Pyth", std = "MoveStdlib", sui = "Sui" }

[pinned.mainnet.vendor]
source = { local = "../../../vendor/vendor" }
use_environment = "mainnet"
manifest_digest = "5AAF88D4918BE9A469E16737C8F5D9AEE925CAA6432331DCC4D3E46A73DC72C6"
deps = { authority_cap = "authority_cap", std = "MoveStdlib", sui = "Sui" }
