# Generated by move; do not edit
# This file should be checked in.

[move]
version = 4

[pinned.mainnet.MoveStdlib]
source = { git = "https://github.com/MystenLabs/sui.git", subdir = "crates/sui-framework/packages/move-stdlib", rev = "06734f6ff0af45d8632a14a4dc4b100197f6b1a2" }
use_environment = "mainnet"
manifest_digest = "C4FE4C91DE74CBF223B2E380AE40F592177D21870DC2D7EB6227D2D694E05363"
deps = {}

[pinned.mainnet.Sui]
source = { git = "https://github.com/MystenLabs/sui.git", subdir = "crates/sui-framework/packages/sui-framework", rev = "06734f6ff0af45d8632a14a4dc4b100197f6b1a2" }
use_environment = "mainnet"
manifest_digest = "CD547CB1ACCE0880C835DAED2D8FFCB91D56C833AE5240D3AA5B918398263195"
deps = { MoveStdlib = "MoveStdlib" }

[pinned.mainnet.authority_cap]
source = { local = "../../../authority-cap/authority-cap" }
use_environment = "mainnet"
manifest_digest = "E41BBD67BE8940D26C79D78B028477EF5B33BA217A1282C78ACB344CF8A5ECF6"
deps = { std = "MoveStdlib", sui = "Sui" }

[pinned.mainnet.oracle_aggregator]
source = { local = "../../oracle-aggregator" }
use_environment = "mainnet"
manifest_digest = "1649E9DC99C54FE86C43D0035A2EE12B91C9EFC21E7AEF3399B0D3F6DC238F62"
deps = { authority_cap = "authority_cap", std = "MoveStdlib", sui = "Sui", vendor = "vendor" }

[pinned.mainnet.oracle_aggregator_dev_integration]
source = { root = true }
use_environment = "mainnet"
manifest_digest = "D22C4C73A5876E8FEC6D707F0222A33EA6EC37BAE9E7524C3B27BA1543287015"
deps = { authority_cap = "authority_cap", oracle_aggregator = "oracle_aggregator", std = "MoveStdlib", sui = "Sui" }

[pinned.mainnet.vendor]
source = { local = "../../../vendor/vendor" }
use_environment = "mainnet"
manifest_digest = "5AAF88D4918BE9A469E16737C8F5D9AEE925CAA6432331DCC4D3E46A73DC72C6"
deps = { authority_cap = "authority_cap", std = "MoveStdlib", sui = "Sui" }
