# @generated by Move, please check-in and do not edit manually.

[move]
version = 3
manifest_digest = "1E70DB1C1D7CAAEE0B399FF6F3106EE1C8CE48347C7BAA6F08074E03BAF97E96"
deps_digest = "060AD7E57DFB13104F21BE5F5C3759D03F0553FC3229247D9A7A6B45F50D03A3"
dependencies = [
  { id = "MetaVault", name = "MetaVault" },
  { id = "MetaVaultLstExchangerateRegistry", name = "MetaVaultLstExchangerateRegistry" },
  { id = "Sui", name = "Sui" },
]

[[move.package]]
id = "MetaVault"
source = { local = "../../../meta-vault" }

dependencies = [
  { id = "Sui", name = "Sui" },
]

[[move.package]]
id = "MetaVaultLstExchangerateRegistry"
source = { local = "../lst-exchange-rate-registry" }

dependencies = [
  { id = "MetaVault", name = "MetaVault" },
  { id = "Sui", name = "Sui" },
]

[[move.package]]
id = "MoveStdlib"
source = { git = "https://github.com/MystenLabs/sui.git", rev = "framework/mainnet", subdir = "crates/sui-framework/packages/move-stdlib" }

[[move.package]]
id = "Sui"
source = { git = "https://github.com/MystenLabs/sui.git", rev = "framework/mainnet", subdir = "crates/sui-framework/packages/sui-framework" }

dependencies = [
  { id = "MoveStdlib", name = "MoveStdlib" },
]

[move.toolchain-version]
compiler-version = "1.39.3"
edition = "2024"
flavor = "sui"

[env]

[env.mainnet]
chain-id = "35834a8a"
original-published-id = "0x8e9aa615cd18d263cfea43d68e2519a2de2d39075756a05f67ae6cee2794ff06"
latest-published-id = "0x8e9aa615cd18d263cfea43d68e2519a2de2d39075756a05f67ae6cee2794ff06"
published-version = "1"
