# @generated by Move, please check-in and do not edit manually.

[move]
version = 3
manifest_digest = "233A72E4EB41BBEB00CD1623B133BD1FFBFA839FFE8C086A7301F01E2A4F4F4C"
deps_digest = "F8BBB0CCB2491CA29A3DF03D6F92277A4F3574266507ACD77214D37ECA3F3082"
dependencies = [
  { id = "Sui", name = "Sui" },
]

[[move.package]]
id = "MoveStdlib"
source = { git = "https://github.com/MystenLabs/sui.git", rev = "framework/mainnet", subdir = "crates/sui-framework/packages/move-stdlib" }

[[move.package]]
id = "Sui"
source = { git = "https://github.com/MystenLabs/sui.git", rev = "framework/mainnet", subdir = "crates/sui-framework/packages/sui-framework" }

dependencies = [
  { id = "MoveStdlib", name = "MoveStdlib" },
]

[move.toolchain-version]
compiler-version = "1.39.3"
edition = "2024"
flavor = "sui"

[env]

[env.mainnet]
chain-id = "35834a8a"
original-published-id = "0x790f258062909e3a0ffc78b3c53ac2f62d7084c3bab95644bdeb05add7250001"
latest-published-id = "0x790f258062909e3a0ffc78b3c53ac2f62d7084c3bab95644bdeb05add7250001"
published-version = "1"
