# @generated by Move, please check-in and do not edit manually.

[move]
version = 3
manifest_digest = "281A4B53A796885E3E70EB5F16AC22F9B7FD95DF2995967215CA839453A3B567"
deps_digest = "F8BBB0CCB2491CA29A3DF03D6F92277A4F3574266507ACD77214D37ECA3F3082"
dependencies = [
  { id = "Sui", name = "Sui" },
]

[[move.package]]
id = "MoveStdlib"
source = { git = "https://github.com/MystenLabs/sui.git", rev = "framework/mainnet", subdir = "crates/sui-framework/packages/move-stdlib" }

[[move.package]]
id = "Sui"
source = { git = "https://github.com/MystenLabs/sui.git", rev = "framework/mainnet", subdir = "crates/sui-framework/packages/sui-framework" }

dependencies = [
  { id = "MoveStdlib", name = "MoveStdlib" },
]

[move.toolchain-version]
compiler-version = "1.39.3"
edition = "2024"
flavor = "sui"

[env]

#[env.mainnet]
#chain-id = "35834a8a"
#original-published-id = "0xbb1d1a2e9635ed8a1733f591eede33ad525983186ac2c0dd1eb3a1bf336adc23"
#latest-published-id = "0x0d90fb870fe738b881c60bd21bceb6459952e136ce34289b6b1c30d98e9d7b5e"
#published-version = "5"

[env.mainnet]
chain-id = "35834a8a"
original-published-id = "0xca653d2fac70a49549c7ff8792027fa4fa418fd6619954ea0f45d6fd0d081b8e"
latest-published-id = "0x74ecdeabc36974da37a3e2052592b2bc2c83e878bbd74690e00816e91f93a505"
published-version = "3"
